
Microsoft Visual Studio Solution File, Format Version 12.00
# Visual Studio Version 16
VisualStudioVersion = 16.0.28922.388
MinimumVisualStudioVersion = 10.0.40219.1
Project("{9A19103F-16F7-4668-BE54-9A1E7A4F7556}") = "ListaTarefas", "ListaTarefas\ListaTarefas.csproj", "{0EBBFC05-8335-4AFD-8106-6155B9563982}"
EndProject
Project("{9A19103F-16F7-4668-BE54-9A1E7A4F7556}") = "Ajax", "Ajax\Ajax.csproj", "{0003E13A-7149-49B1-84F2-5748E598E190}"
EndProject
Project("{9A19103F-16F7-4668-BE54-9A1E7A4F7556}") = "FaixaEtaria", "FaixaEtaria\FaixaEtaria.csproj", "{6ADEC909-2CB1-455F-8BF3-06610499D8EF}"
EndProject
Project("{9A19103F-16F7-4668-BE54-9A1E7A4F7556}") = "FaixaEtariaViewComponents", "FaixaEtariaViewComponents\FaixaEtariaViewComponents.csproj", "{E6943E96-AF05-493F-BDD3-44CD2C1810FB}"
EndProject
Project("{9A19103F-16F7-4668-BE54-9A1E7A4F7556}") = "PesquisaCrypto", "PesquisaCrypto\PesquisaCrypto.csproj", "{14D406C6-8CCC-49CE-9F3E-89D681C66BE3}"
EndProject
Project("{FAE04EC0-301F-11D3-BF4B-00C04F79EFBC}") = "TestantoAreas", "TestantoAreas\TestantoAreas.csproj", "{F4E1D238-FBAA-4E6E-A237-26D24FC8E197}"
EndProject
Global
	GlobalSection(SolutionConfigurationPlatforms) = preSolution
		Debug|Any CPU = Debug|Any CPU
		Release|Any CPU = Release|Any CPU
	EndGlobalSection
	GlobalSection(ProjectConfigurationPlatforms) = postSolution
		{0EBBFC05-8335-4AFD-8106-6155B9563982}.Debug|Any CPU.ActiveCfg = Debug|Any CPU
		{0EBBFC05-8335-4AFD-8106-6155B9563982}.Debug|Any CPU.Build.0 = Debug|Any CPU
		{0EBBFC05-8335-4AFD-8106-6155B9563982}.Release|Any CPU.ActiveCfg = Release|Any CPU
		{0EBBFC05-8335-4AFD-8106-6155B9563982}.Release|Any CPU.Build.0 = Release|Any CPU
		{0003E13A-7149-49B1-84F2-5748E598E190}.Debug|Any CPU.ActiveCfg = Debug|Any CPU
		{0003E13A-7149-49B1-84F2-5748E598E190}.Debug|Any CPU.Build.0 = Debug|Any CPU
		{0003E13A-7149-49B1-84F2-5748E598E190}.Release|Any CPU.ActiveCfg = Release|Any CPU
		{0003E13A-7149-49B1-84F2-5748E598E190}.Release|Any CPU.Build.0 = Release|Any CPU
		{6ADEC909-2CB1-455F-8BF3-06610499D8EF}.Debug|Any CPU.ActiveCfg = Debug|Any CPU
		{6ADEC909-2CB1-455F-8BF3-06610499D8EF}.Debug|Any CPU.Build.0 = Debug|Any CPU
		{6ADEC909-2CB1-455F-8BF3-06610499D8EF}.Release|Any CPU.ActiveCfg = Release|Any CPU
		{6ADEC909-2CB1-455F-8BF3-06610499D8EF}.Release|Any CPU.Build.0 = Release|Any CPU
		{E6943E96-AF05-493F-BDD3-44CD2C1810FB}.Debug|Any CPU.ActiveCfg = Debug|Any CPU
		{E6943E96-AF05-493F-BDD3-44CD2C1810FB}.Debug|Any CPU.Build.0 = Debug|Any CPU
		{E6943E96-AF05-493F-BDD3-44CD2C1810FB}.Release|Any CPU.ActiveCfg = Release|Any CPU
		{E6943E96-AF05-493F-BDD3-44CD2C1810FB}.Release|Any CPU.Build.0 = Release|Any CPU
		{14D406C6-8CCC-49CE-9F3E-89D681C66BE3}.Debug|Any CPU.ActiveCfg = Debug|Any CPU
		{14D406C6-8CCC-49CE-9F3E-89D681C66BE3}.Debug|Any CPU.Build.0 = Debug|Any CPU
		{14D406C6-8CCC-49CE-9F3E-89D681C66BE3}.Release|Any CPU.ActiveCfg = Release|Any CPU
		{14D406C6-8CCC-49CE-9F3E-89D681C66BE3}.Release|Any CPU.Build.0 = Release|Any CPU
		{F4E1D238-FBAA-4E6E-A237-26D24FC8E197}.Debug|Any CPU.ActiveCfg = Debug|Any CPU
		{F4E1D238-FBAA-4E6E-A237-26D24FC8E197}.Debug|Any CPU.Build.0 = Debug|Any CPU
		{F4E1D238-FBAA-4E6E-A237-26D24FC8E197}.Release|Any CPU.ActiveCfg = Release|Any CPU
		{F4E1D238-FBAA-4E6E-A237-26D24FC8E197}.Release|Any CPU.Build.0 = Release|Any CPU
	EndGlobalSection
	GlobalSection(SolutionProperties) = preSolution
		HideSolutionNode = FALSE
	EndGlobalSection
	GlobalSection(ExtensibilityGlobals) = postSolution
		SolutionGuid = {53713E53-89C6-43DD-BC51-412FCCC20C0A}
	EndGlobalSection
EndGlobal
