
Microsoft Visual Studio Solution File, Format Version 12.00
# Visual Studio Version 16
VisualStudioVersion = 16.0.28922.388
MinimumVisualStudioVersion = 10.0.40219.1
Project("{9A19103F-16F7-4668-BE54-9A1E7A4F7556}") = "ListaTarefas", "ListaTarefas\ListaTarefas.csproj", "{0EBBFC05-8335-4AFD-8106-6155B9563982}"
EndProject
Project("{9A19103F-16F7-4668-BE54-9A1E7A4F7556}") = "Ajax", "Ajax\Ajax.csproj", "{0003E13A-7149-49B1-84F2-5748E598E190}"
EndProject
Project("{9A19103F-16F7-4668-BE54-9A1E7A4F7556}") = "FaixaEtaria", "FaixaEtaria\FaixaEtaria.csproj", "{6ADEC909-2CB1-455F-8BF3-06610499D8EF}"
EndProject
Project("{9A19103F-16F7-4668-BE54-9A1E7A4F7556}") = "FaixaEtariaViewComponents", "FaixaEtariaViewComponents\FaixaEtariaViewComponents.csproj", "{E6943E96-AF05-493F-BDD3-44CD2C1810FB}"
EndProject
Project("{9A19103F-16F7-4668-BE54-9A1E7A4F7556}") = "PesquisaCrypto", "PesquisaCrypto\PesquisaCrypto.csproj", "{14D406C6-8CCC-49CE-9F3E-89D681C66BE3}"
EndProject
Project("{9A19103F-16F7-4668-BE54-9A1E7A4F7556}") = "TestantoAreas", "TestantoAreas\TestantoAreas.csproj", "{F4E1D238-FBAA-4E6E-A237-26D24FC8E197}"
EndProject
Project("{9A19103F-16F7-4668-BE54-9A1E7A4F7556}") = "ValidacaoDados", "ValidacaoDados\ValidacaoDados.csproj", "{B2710274-DDA6-4F4D-850E-05A439B00398}"
EndProject
Project("{9A19103F-16F7-4668-BE54-9A1E7A4F7556}") = "ValidacaoRemoto", "ValidacaoRemoto\ValidacaoRemoto.csproj", "{65C85866-F9DF-43DA-9C9E-65D7CFAB0E72}"
EndProject
Project("{9A19103F-16F7-4668-BE54-9A1E7A4F7556}") = "ValidacaoPersonalizada", "ValidacaoPersonalizada\ValidacaoPersonalizada.csproj", "{7E717AF2-9311-4B25-ADC6-6B9A23679A42}"
EndProject
Project("{9A19103F-16F7-4668-BE54-9A1E7A4F7556}") = "TempData", "TempData\TempData.csproj", "{D534D127-2203-4361-A408-6459DF49F118}"
EndProject
Project("{9A19103F-16F7-4668-BE54-9A1E7A4F7556}") = "ViewData", "ViewData\ViewData.csproj", "{3B167601-A7DA-4989-BA2D-C8E9A09C1660}"
EndProject
Project("{9A19103F-16F7-4668-BE54-9A1E7A4F7556}") = "ViewBag", "ViewBag\ViewBag.csproj", "{2D34754E-361E-48C5-A2C8-33D91AB2FFA7}"
EndProject
Project("{9A19103F-16F7-4668-BE54-9A1E7A4F7556}") = "IntroducaoFluentAPI", "IntroducaoFluentAPI\IntroducaoFluentAPI.csproj", "{937724FF-2F07-4A49-A5BB-BE39518810F7}"
EndProject
Project("{9A19103F-16F7-4668-BE54-9A1E7A4F7556}") = "IntermediarioFluentAPI", "IntermediarioFluentAPI\IntermediarioFluentAPI.csproj", "{17029F5A-F319-436B-9EDB-CDE1206A3875}"
EndProject
Project("{9A19103F-16F7-4668-BE54-9A1E7A4F7556}") = "IntermediarioUmParaVariosFluentAPI", "IntermediarioUmParaVariosFluentAPI\IntermediarioUmParaVariosFluentAPI.csproj", "{2DF6F7E3-AE64-4C20-88A0-56158FCD1F03}"
EndProject
Project("{9A19103F-16F7-4668-BE54-9A1E7A4F7556}") = "IntermediarioMuitosParaMuitosFluentAPI", "IntermediarioMuitosParaMuitosFluentAPI\IntermediarioMuitosParaMuitosFluentAPI.csproj", "{74BECDF2-62AA-4DFE-9183-00BB2EE011AB}"
EndProject
Project("{9A19103F-16F7-4668-BE54-9A1E7A4F7556}") = "ViewModel", "ViewModel\ViewModel.csproj", "{54CB1353-AA2A-4201-847B-D664856C247A}"
EndProject
Project("{9A19103F-16F7-4668-BE54-9A1E7A4F7556}") = "GerenciamentoDeDespesas", "GerenciamentoDeDespesas\GerenciamentoDeDespesas.csproj", "{7DF1230E-A6D2-425C-8F41-138E6B14C0BC}"
EndProject
Global
	GlobalSection(SolutionConfigurationPlatforms) = preSolution
		Debug|Any CPU = Debug|Any CPU
		Release|Any CPU = Release|Any CPU
	EndGlobalSection
	GlobalSection(ProjectConfigurationPlatforms) = postSolution
		{0EBBFC05-8335-4AFD-8106-6155B9563982}.Debug|Any CPU.ActiveCfg = Debug|Any CPU
		{0EBBFC05-8335-4AFD-8106-6155B9563982}.Debug|Any CPU.Build.0 = Debug|Any CPU
		{0EBBFC05-8335-4AFD-8106-6155B9563982}.Release|Any CPU.ActiveCfg = Release|Any CPU
		{0EBBFC05-8335-4AFD-8106-6155B9563982}.Release|Any CPU.Build.0 = Release|Any CPU
		{0003E13A-7149-49B1-84F2-5748E598E190}.Debug|Any CPU.ActiveCfg = Debug|Any CPU
		{0003E13A-7149-49B1-84F2-5748E598E190}.Debug|Any CPU.Build.0 = Debug|Any CPU
		{0003E13A-7149-49B1-84F2-5748E598E190}.Release|Any CPU.ActiveCfg = Release|Any CPU
		{0003E13A-7149-49B1-84F2-5748E598E190}.Release|Any CPU.Build.0 = Release|Any CPU
		{6ADEC909-2CB1-455F-8BF3-06610499D8EF}.Debug|Any CPU.ActiveCfg = Debug|Any CPU
		{6ADEC909-2CB1-455F-8BF3-06610499D8EF}.Debug|Any CPU.Build.0 = Debug|Any CPU
		{6ADEC909-2CB1-455F-8BF3-06610499D8EF}.Release|Any CPU.ActiveCfg = Release|Any CPU
		{6ADEC909-2CB1-455F-8BF3-06610499D8EF}.Release|Any CPU.Build.0 = Release|Any CPU
		{E6943E96-AF05-493F-BDD3-44CD2C1810FB}.Debug|Any CPU.ActiveCfg = Debug|Any CPU
		{E6943E96-AF05-493F-BDD3-44CD2C1810FB}.Debug|Any CPU.Build.0 = Debug|Any CPU
		{E6943E96-AF05-493F-BDD3-44CD2C1810FB}.Release|Any CPU.ActiveCfg = Release|Any CPU
		{E6943E96-AF05-493F-BDD3-44CD2C1810FB}.Release|Any CPU.Build.0 = Release|Any CPU
		{14D406C6-8CCC-49CE-9F3E-89D681C66BE3}.Debug|Any CPU.ActiveCfg = Debug|Any CPU
		{14D406C6-8CCC-49CE-9F3E-89D681C66BE3}.Debug|Any CPU.Build.0 = Debug|Any CPU
		{14D406C6-8CCC-49CE-9F3E-89D681C66BE3}.Release|Any CPU.ActiveCfg = Release|Any CPU
		{14D406C6-8CCC-49CE-9F3E-89D681C66BE3}.Release|Any CPU.Build.0 = Release|Any CPU
		{F4E1D238-FBAA-4E6E-A237-26D24FC8E197}.Debug|Any CPU.ActiveCfg = Debug|Any CPU
		{F4E1D238-FBAA-4E6E-A237-26D24FC8E197}.Debug|Any CPU.Build.0 = Debug|Any CPU
		{F4E1D238-FBAA-4E6E-A237-26D24FC8E197}.Release|Any CPU.ActiveCfg = Release|Any CPU
		{F4E1D238-FBAA-4E6E-A237-26D24FC8E197}.Release|Any CPU.Build.0 = Release|Any CPU
		{B2710274-DDA6-4F4D-850E-05A439B00398}.Debug|Any CPU.ActiveCfg = Debug|Any CPU
		{B2710274-DDA6-4F4D-850E-05A439B00398}.Debug|Any CPU.Build.0 = Debug|Any CPU
		{B2710274-DDA6-4F4D-850E-05A439B00398}.Release|Any CPU.ActiveCfg = Release|Any CPU
		{B2710274-DDA6-4F4D-850E-05A439B00398}.Release|Any CPU.Build.0 = Release|Any CPU
		{65C85866-F9DF-43DA-9C9E-65D7CFAB0E72}.Debug|Any CPU.ActiveCfg = Debug|Any CPU
		{65C85866-F9DF-43DA-9C9E-65D7CFAB0E72}.Debug|Any CPU.Build.0 = Debug|Any CPU
		{65C85866-F9DF-43DA-9C9E-65D7CFAB0E72}.Release|Any CPU.ActiveCfg = Release|Any CPU
		{65C85866-F9DF-43DA-9C9E-65D7CFAB0E72}.Release|Any CPU.Build.0 = Release|Any CPU
		{7E717AF2-9311-4B25-ADC6-6B9A23679A42}.Debug|Any CPU.ActiveCfg = Debug|Any CPU
		{7E717AF2-9311-4B25-ADC6-6B9A23679A42}.Debug|Any CPU.Build.0 = Debug|Any CPU
		{7E717AF2-9311-4B25-ADC6-6B9A23679A42}.Release|Any CPU.ActiveCfg = Release|Any CPU
		{7E717AF2-9311-4B25-ADC6-6B9A23679A42}.Release|Any CPU.Build.0 = Release|Any CPU
		{D534D127-2203-4361-A408-6459DF49F118}.Debug|Any CPU.ActiveCfg = Debug|Any CPU
		{D534D127-2203-4361-A408-6459DF49F118}.Debug|Any CPU.Build.0 = Debug|Any CPU
		{D534D127-2203-4361-A408-6459DF49F118}.Release|Any CPU.ActiveCfg = Release|Any CPU
		{D534D127-2203-4361-A408-6459DF49F118}.Release|Any CPU.Build.0 = Release|Any CPU
		{3B167601-A7DA-4989-BA2D-C8E9A09C1660}.Debug|Any CPU.ActiveCfg = Debug|Any CPU
		{3B167601-A7DA-4989-BA2D-C8E9A09C1660}.Debug|Any CPU.Build.0 = Debug|Any CPU
		{3B167601-A7DA-4989-BA2D-C8E9A09C1660}.Release|Any CPU.ActiveCfg = Release|Any CPU
		{3B167601-A7DA-4989-BA2D-C8E9A09C1660}.Release|Any CPU.Build.0 = Release|Any CPU
		{2D34754E-361E-48C5-A2C8-33D91AB2FFA7}.Debug|Any CPU.ActiveCfg = Debug|Any CPU
		{2D34754E-361E-48C5-A2C8-33D91AB2FFA7}.Debug|Any CPU.Build.0 = Debug|Any CPU
		{2D34754E-361E-48C5-A2C8-33D91AB2FFA7}.Release|Any CPU.ActiveCfg = Release|Any CPU
		{2D34754E-361E-48C5-A2C8-33D91AB2FFA7}.Release|Any CPU.Build.0 = Release|Any CPU
		{937724FF-2F07-4A49-A5BB-BE39518810F7}.Debug|Any CPU.ActiveCfg = Debug|Any CPU
		{937724FF-2F07-4A49-A5BB-BE39518810F7}.Debug|Any CPU.Build.0 = Debug|Any CPU
		{937724FF-2F07-4A49-A5BB-BE39518810F7}.Release|Any CPU.ActiveCfg = Release|Any CPU
		{937724FF-2F07-4A49-A5BB-BE39518810F7}.Release|Any CPU.Build.0 = Release|Any CPU
		{17029F5A-F319-436B-9EDB-CDE1206A3875}.Debug|Any CPU.ActiveCfg = Debug|Any CPU
		{17029F5A-F319-436B-9EDB-CDE1206A3875}.Debug|Any CPU.Build.0 = Debug|Any CPU
		{17029F5A-F319-436B-9EDB-CDE1206A3875}.Release|Any CPU.ActiveCfg = Release|Any CPU
		{17029F5A-F319-436B-9EDB-CDE1206A3875}.Release|Any CPU.Build.0 = Release|Any CPU
		{2DF6F7E3-AE64-4C20-88A0-56158FCD1F03}.Debug|Any CPU.ActiveCfg = Debug|Any CPU
		{2DF6F7E3-AE64-4C20-88A0-56158FCD1F03}.Debug|Any CPU.Build.0 = Debug|Any CPU
		{2DF6F7E3-AE64-4C20-88A0-56158FCD1F03}.Release|Any CPU.ActiveCfg = Release|Any CPU
		{2DF6F7E3-AE64-4C20-88A0-56158FCD1F03}.Release|Any CPU.Build.0 = Release|Any CPU
		{74BECDF2-62AA-4DFE-9183-00BB2EE011AB}.Debug|Any CPU.ActiveCfg = Debug|Any CPU
		{74BECDF2-62AA-4DFE-9183-00BB2EE011AB}.Debug|Any CPU.Build.0 = Debug|Any CPU
		{74BECDF2-62AA-4DFE-9183-00BB2EE011AB}.Release|Any CPU.ActiveCfg = Release|Any CPU
		{74BECDF2-62AA-4DFE-9183-00BB2EE011AB}.Release|Any CPU.Build.0 = Release|Any CPU
		{54CB1353-AA2A-4201-847B-D664856C247A}.Debug|Any CPU.ActiveCfg = Debug|Any CPU
		{54CB1353-AA2A-4201-847B-D664856C247A}.Debug|Any CPU.Build.0 = Debug|Any CPU
		{54CB1353-AA2A-4201-847B-D664856C247A}.Release|Any CPU.ActiveCfg = Release|Any CPU
		{54CB1353-AA2A-4201-847B-D664856C247A}.Release|Any CPU.Build.0 = Release|Any CPU
		{7DF1230E-A6D2-425C-8F41-138E6B14C0BC}.Debug|Any CPU.ActiveCfg = Debug|Any CPU
		{7DF1230E-A6D2-425C-8F41-138E6B14C0BC}.Debug|Any CPU.Build.0 = Debug|Any CPU
		{7DF1230E-A6D2-425C-8F41-138E6B14C0BC}.Release|Any CPU.ActiveCfg = Release|Any CPU
		{7DF1230E-A6D2-425C-8F41-138E6B14C0BC}.Release|Any CPU.Build.0 = Release|Any CPU
	EndGlobalSection
	GlobalSection(SolutionProperties) = preSolution
		HideSolutionNode = FALSE
	EndGlobalSection
	GlobalSection(ExtensibilityGlobals) = postSolution
		SolutionGuid = {53713E53-89C6-43DD-BC51-412FCCC20C0A}
	EndGlobalSection
EndGlobal
