
Microsoft Visual Studio Solution File, Format Version 12.00
# Visual Studio Version 16
VisualStudioVersion = 16.0.29609.76
MinimumVisualStudioVersion = 10.0.40219.1
Project("{FAE04EC0-301F-11D3-BF4B-00C04F79EFBC}") = "ProjetoFichaAcademia", "ProjetoFichaAcademia\ProjetoFichaAcademia.csproj", "{AFE4E351-131D-43AD-86E7-E5CB2537D552}"
EndProject
Project("{FAE04EC0-301F-11D3-BF4B-00C04F79EFBC}") = "ProjetoFichaAcademia.Dominio", "ProjetoFichaAcademia.Dominio\ProjetoFichaAcademia.Dominio.csproj", "{DC5BCAA6-75C0-4604-96CF-5AD6AB165C32}"
EndProject
Project("{FAE04EC0-301F-11D3-BF4B-00C04F79EFBC}") = "ProjetoFichaAcademia.AcessoDados", "ProjetoFichaAcademia.AcessoDados\ProjetoFichaAcademia.AcessoDados.csproj", "{DFF6FB7F-317F-46A7-A19F-02ACD451AF5E}"
EndProject
Global
	GlobalSection(SolutionConfigurationPlatforms) = preSolution
		Debug|Any CPU = Debug|Any CPU
		Release|Any CPU = Release|Any CPU
	EndGlobalSection
	GlobalSection(ProjectConfigurationPlatforms) = postSolution
		{AFE4E351-131D-43AD-86E7-E5CB2537D552}.Debug|Any CPU.ActiveCfg = Debug|Any CPU
		{AFE4E351-131D-43AD-86E7-E5CB2537D552}.Debug|Any CPU.Build.0 = Debug|Any CPU
		{AFE4E351-131D-43AD-86E7-E5CB2537D552}.Release|Any CPU.ActiveCfg = Release|Any CPU
		{AFE4E351-131D-43AD-86E7-E5CB2537D552}.Release|Any CPU.Build.0 = Release|Any CPU
		{DC5BCAA6-75C0-4604-96CF-5AD6AB165C32}.Debug|Any CPU.ActiveCfg = Debug|Any CPU
		{DC5BCAA6-75C0-4604-96CF-5AD6AB165C32}.Debug|Any CPU.Build.0 = Debug|Any CPU
		{DC5BCAA6-75C0-4604-96CF-5AD6AB165C32}.Release|Any CPU.ActiveCfg = Release|Any CPU
		{DC5BCAA6-75C0-4604-96CF-5AD6AB165C32}.Release|Any CPU.Build.0 = Release|Any CPU
		{DFF6FB7F-317F-46A7-A19F-02ACD451AF5E}.Debug|Any CPU.ActiveCfg = Debug|Any CPU
		{DFF6FB7F-317F-46A7-A19F-02ACD451AF5E}.Debug|Any CPU.Build.0 = Debug|Any CPU
		{DFF6FB7F-317F-46A7-A19F-02ACD451AF5E}.Release|Any CPU.ActiveCfg = Release|Any CPU
		{DFF6FB7F-317F-46A7-A19F-02ACD451AF5E}.Release|Any CPU.Build.0 = Release|Any CPU
	EndGlobalSection
	GlobalSection(SolutionProperties) = preSolution
		HideSolutionNode = FALSE
	EndGlobalSection
	GlobalSection(ExtensibilityGlobals) = postSolution
		SolutionGuid = {B99D8CD2-0028-4E2E-A5EF-C25D990E51C0}
	EndGlobalSection
EndGlobal
