
Microsoft Visual Studio Solution File, Format Version 12.00
# Visual Studio Version 16
VisualStudioVersion = 16.0.29609.76
MinimumVisualStudioVersion = 10.0.40219.1
Project("{FAE04EC0-301F-11D3-BF4B-00C04F79EFBC}") = "GerErros", "GerErros\GerErros.csproj", "{1363BD90-2B0F-41BE-8C89-463FCD92D032}"
EndProject
Global
	GlobalSection(SolutionConfigurationPlatforms) = preSolution
		Debug|Any CPU = Debug|Any CPU
		Release|Any CPU = Release|Any CPU
	EndGlobalSection
	GlobalSection(ProjectConfigurationPlatforms) = postSolution
		{1363BD90-2B0F-41BE-8C89-463FCD92D032}.Debug|Any CPU.ActiveCfg = Debug|Any CPU
		{1363BD90-2B0F-41BE-8C89-463FCD92D032}.Debug|Any CPU.Build.0 = Debug|Any CPU
		{1363BD90-2B0F-41BE-8C89-463FCD92D032}.Release|Any CPU.ActiveCfg = Release|Any CPU
		{1363BD90-2B0F-41BE-8C89-463FCD92D032}.Release|Any CPU.Build.0 = Release|Any CPU
	EndGlobalSection
	GlobalSection(SolutionProperties) = preSolution
		HideSolutionNode = FALSE
	EndGlobalSection
	GlobalSection(ExtensibilityGlobals) = postSolution
		SolutionGuid = {E56C2D5F-BFC6-4D33-A4E7-F05D2D962DEC}
	EndGlobalSection
EndGlobal
